
Microsoft Visual Studio Solution File, Format Version 12.00
# Visual Studio 15
VisualStudioVersion = 15.0.28307.852
MinimumVisualStudioVersion = 10.0.40219.1
Project("{FAE04EC0-301F-11D3-BF4B-00C04F79EFBC}") = "Assignment02", "Assignment02\Assignment02.csproj", "{048666DF-3D4F-496A-B637-4C7F8DB00D95}"
EndProject
Global
	GlobalSection(SolutionConfigurationPlatforms) = preSolution
		Debug|Any CPU = Debug|Any CPU
		Release|Any CPU = Release|Any CPU
	EndGlobalSection
	GlobalSection(ProjectConfigurationPlatforms) = postSolution
		{048666DF-3D4F-496A-B637-4C7F8DB00D95}.Debug|Any CPU.ActiveCfg = Debug|Any CPU
		{048666DF-3D4F-496A-B637-4C7F8DB00D95}.Debug|Any CPU.Build.0 = Debug|Any CPU
		{048666DF-3D4F-496A-B637-4C7F8DB00D95}.Release|Any CPU.ActiveCfg = Release|Any CPU
		{048666DF-3D4F-496A-B637-4C7F8DB00D95}.Release|Any CPU.Build.0 = Release|Any CPU
	EndGlobalSection
	GlobalSection(SolutionProperties) = preSolution
		HideSolutionNode = FALSE
	EndGlobalSection
	GlobalSection(ExtensibilityGlobals) = postSolution
		SolutionGuid = {08A5E474-74E5-49F3-9FBE-602F0DD280A6}
	EndGlobalSection
EndGlobal
